
Microsoft Visual Studio Solution File, Format Version 12.00
# Visual Studio Version 16
VisualStudioVersion = 16.0.30309.148
MinimumVisualStudioVersion = 10.0.40219.1
Project("{FAE04EC0-301F-11D3-BF4B-00C04F79EFBC}") = "TravelRouteConsole", "TravelRouteConsole\TravelRouteConsole.csproj", "{B8AE0E72-F1E4-45A8-B2DC-4E3CA6155644}"
EndProject
Project("{FAE04EC0-301F-11D3-BF4B-00C04F79EFBC}") = "TravelRouteConsoleTest", "TravelRouteConsoleTest\TravelRouteConsoleTest.csproj", "{97758560-1318-4BAC-8939-4165716C62CB}"
EndProject
Global
	GlobalSection(SolutionConfigurationPlatforms) = preSolution
		Debug|Any CPU = Debug|Any CPU
		Release|Any CPU = Release|Any CPU
	EndGlobalSection
	GlobalSection(ProjectConfigurationPlatforms) = postSolution
		{B8AE0E72-F1E4-45A8-B2DC-4E3CA6155644}.Debug|Any CPU.ActiveCfg = Debug|Any CPU
		{B8AE0E72-F1E4-45A8-B2DC-4E3CA6155644}.Debug|Any CPU.Build.0 = Debug|Any CPU
		{B8AE0E72-F1E4-45A8-B2DC-4E3CA6155644}.Release|Any CPU.ActiveCfg = Release|Any CPU
		{B8AE0E72-F1E4-45A8-B2DC-4E3CA6155644}.Release|Any CPU.Build.0 = Release|Any CPU
		{97758560-1318-4BAC-8939-4165716C62CB}.Debug|Any CPU.ActiveCfg = Debug|Any CPU
		{97758560-1318-4BAC-8939-4165716C62CB}.Debug|Any CPU.Build.0 = Debug|Any CPU
		{97758560-1318-4BAC-8939-4165716C62CB}.Release|Any CPU.ActiveCfg = Release|Any CPU
		{97758560-1318-4BAC-8939-4165716C62CB}.Release|Any CPU.Build.0 = Release|Any CPU
	EndGlobalSection
	GlobalSection(SolutionProperties) = preSolution
		HideSolutionNode = FALSE
	EndGlobalSection
	GlobalSection(ExtensibilityGlobals) = postSolution
		SolutionGuid = {0847A92E-F4CD-4E2B-9C4B-A2E2B0B70ECA}
	EndGlobalSection
EndGlobal
