
Microsoft Visual Studio Solution File, Format Version 12.00
# Visual Studio Version 16
VisualStudioVersion = 16.0.30309.148
MinimumVisualStudioVersion = 10.0.40219.1
Project("{9A19103F-16F7-4668-BE54-9A1E7A4F7556}") = "TravelRouteApi", "TravelRouteApi\TravelRouteApi.csproj", "{0283B49F-D265-44C9-8B18-FAB5015540F0}"
EndProject
Project("{FAE04EC0-301F-11D3-BF4B-00C04F79EFBC}") = "TravelRouteApiTest", "TravelRouteApiTest\TravelRouteApiTest.csproj", "{A681A783-8E70-4E16-9922-5E7FA4AE829C}"
EndProject
Global
	GlobalSection(SolutionConfigurationPlatforms) = preSolution
		Debug|Any CPU = Debug|Any CPU
		Release|Any CPU = Release|Any CPU
	EndGlobalSection
	GlobalSection(ProjectConfigurationPlatforms) = postSolution
		{0283B49F-D265-44C9-8B18-FAB5015540F0}.Debug|Any CPU.ActiveCfg = Debug|Any CPU
		{0283B49F-D265-44C9-8B18-FAB5015540F0}.Debug|Any CPU.Build.0 = Debug|Any CPU
		{0283B49F-D265-44C9-8B18-FAB5015540F0}.Release|Any CPU.ActiveCfg = Release|Any CPU
		{0283B49F-D265-44C9-8B18-FAB5015540F0}.Release|Any CPU.Build.0 = Release|Any CPU
		{A681A783-8E70-4E16-9922-5E7FA4AE829C}.Debug|Any CPU.ActiveCfg = Debug|Any CPU
		{A681A783-8E70-4E16-9922-5E7FA4AE829C}.Debug|Any CPU.Build.0 = Debug|Any CPU
		{A681A783-8E70-4E16-9922-5E7FA4AE829C}.Release|Any CPU.ActiveCfg = Release|Any CPU
		{A681A783-8E70-4E16-9922-5E7FA4AE829C}.Release|Any CPU.Build.0 = Release|Any CPU
	EndGlobalSection
	GlobalSection(SolutionProperties) = preSolution
		HideSolutionNode = FALSE
	EndGlobalSection
	GlobalSection(ExtensibilityGlobals) = postSolution
		SolutionGuid = {8AB8A0F6-9554-4192-8752-EF7F89D97E98}
	EndGlobalSection
EndGlobal
